{
  "name": "week-15-rest_fetch_functional_components_and_best_practices",
  "version": "1.0.0",
  "lockfileVersion": 2,
  "requires": true,
  "packages": {
    "": {
      "name": "week-15-rest_fetch_functional_components_and_best_practices",
      "version": "1.0.0",
      "license": "ISC"
    }
  }
}
